
Microsoft Visual Studio Solution File, Format Version 12.00
# Visual Studio Version 17
VisualStudioVersion = 17.8.34525.116
MinimumVisualStudioVersion = 10.0.40219.1
Project("{FAE04EC0-301F-11D3-BF4B-00C04F79EFBC}") = "Deneme", "Deneme\Deneme.csproj", "{55E43C10-6775-4DE5-89EC-86A90507AA95}"
EndProject
Global
	GlobalSection(SolutionConfigurationPlatforms) = preSolution
		Debug|Any CPU = Debug|Any CPU
		Release|Any CPU = Release|Any CPU
	EndGlobalSection
	GlobalSection(ProjectConfigurationPlatforms) = postSolution
		{55E43C10-6775-4DE5-89EC-86A90507AA95}.Debug|Any CPU.ActiveCfg = Debug|Any CPU
		{55E43C10-6775-4DE5-89EC-86A90507AA95}.Debug|Any CPU.Build.0 = Debug|Any CPU
		{55E43C10-6775-4DE5-89EC-86A90507AA95}.Release|Any CPU.ActiveCfg = Release|Any CPU
		{55E43C10-6775-4DE5-89EC-86A90507AA95}.Release|Any CPU.Build.0 = Release|Any CPU
	EndGlobalSection
	GlobalSection(SolutionProperties) = preSolution
		HideSolutionNode = FALSE
	EndGlobalSection
	GlobalSection(ExtensibilityGlobals) = postSolution
		SolutionGuid = {73815082-7A94-40AE-97F0-33FDE9940EF1}
	EndGlobalSection
EndGlobal
